# This file was autogenerated by Stack.
# You should not edit this file by hand.
# For more information, please see the documentation at:
#   https://docs.haskellstack.org/en/stable/lock_files

packages:
- completed:
    name: xml-lens
    version: '0.3'
    git: https://github.com/fumieval/xml-lens.git
    pantry-tree:
      size: 594
      sha256: f37471d8d438224be3c78d82fb026fcee3e3f6cfe28c85f34431628aa4b7fa81
    commit: 4612e5ea18822baef678d7176c1ab5f93e4e31e9
  original:
    git: https://github.com/fumieval/xml-lens.git
    commit: 4612e5ea18822baef678d7176c1ab5f93e4e31e9
snapshots:
- completed:
    size: 631483
    url: https://raw.githubusercontent.com/commercialhaskell/stackage-snapshots/master/nightly/2022/1/27.yaml
    sha256: 9fd3a84e21a00cbd62abe0cfd8e3620d8014272d27b9357dfe27704270d49624
  original: nightly-2022-01-27
